
Microsoft Visual Studio Solution File, Format Version 12.00
# Visual Studio Version 16
VisualStudioVersion = 16.0.30330.147
MinimumVisualStudioVersion = 10.0.40219.1
Project("{FAE04EC0-301F-11D3-BF4B-00C04F79EFBC}") = "Exit", "Exit.csproj", "{3C9D00A5-92CE-442B-9C93-F15CC33AC20A}"
EndProject
Global
	GlobalSection(SolutionConfigurationPlatforms) = preSolution
		Debug|Any CPU = Debug|Any CPU
		Release|Any CPU = Release|Any CPU
	EndGlobalSection
	GlobalSection(ProjectConfigurationPlatforms) = postSolution
		{3C9D00A5-92CE-442B-9C93-F15CC33AC20A}.Debug|Any CPU.ActiveCfg = Debug|Any CPU
		{3C9D00A5-92CE-442B-9C93-F15CC33AC20A}.Debug|Any CPU.Build.0 = Debug|Any CPU
		{3C9D00A5-92CE-442B-9C93-F15CC33AC20A}.Release|Any CPU.ActiveCfg = Release|Any CPU
		{3C9D00A5-92CE-442B-9C93-F15CC33AC20A}.Release|Any CPU.Build.0 = Release|Any CPU
	EndGlobalSection
	GlobalSection(SolutionProperties) = preSolution
		HideSolutionNode = FALSE
	EndGlobalSection
	GlobalSection(ExtensibilityGlobals) = postSolution
		SolutionGuid = {FD8D69CF-42ED-4282-8C6B-035FDD11F2D4}
	EndGlobalSection
EndGlobal
